
Microsoft Visual Studio Solution File, Format Version 12.00
# Visual Studio Version 17
VisualStudioVersion = 17.1.32328.378
MinimumVisualStudioVersion = 10.0.40219.1
Project("{FAE04EC0-301F-11D3-BF4B-00C04F79EFBC}") = "Binary Search Algorithm", "Binary Search Algorithm\Binary Search Algorithm.csproj", "{4CBE7479-3326-465B-AD75-BA31BC6BF5CA}"
EndProject
Global
	GlobalSection(SolutionConfigurationPlatforms) = preSolution
		Debug|Any CPU = Debug|Any CPU
		Release|Any CPU = Release|Any CPU
	EndGlobalSection
	GlobalSection(ProjectConfigurationPlatforms) = postSolution
		{4CBE7479-3326-465B-AD75-BA31BC6BF5CA}.Debug|Any CPU.ActiveCfg = Debug|Any CPU
		{4CBE7479-3326-465B-AD75-BA31BC6BF5CA}.Debug|Any CPU.Build.0 = Debug|Any CPU
		{4CBE7479-3326-465B-AD75-BA31BC6BF5CA}.Release|Any CPU.ActiveCfg = Release|Any CPU
		{4CBE7479-3326-465B-AD75-BA31BC6BF5CA}.Release|Any CPU.Build.0 = Release|Any CPU
	EndGlobalSection
	GlobalSection(SolutionProperties) = preSolution
		HideSolutionNode = FALSE
	EndGlobalSection
	GlobalSection(ExtensibilityGlobals) = postSolution
		SolutionGuid = {0C9086C3-1ED5-43C2-A9B7-B2931E74EA20}
	EndGlobalSection
EndGlobal
